{
  "version": 4,
  "terraform_version": "0.15.3",
  "serial": 13,
  "lineage": "09f4015a-fe20-7d91-c2a5-e181370daa0b",
  "outputs": {},
  "resources": [
    {
      "mode": "managed",
      "type": "aws_ec2_managed_prefix_list",
      "name": "dev-users-publicip",
      "provider": "provider[\"registry.terraform.io/hashicorp/aws\"]",
      "instances": [
        {
          "schema_version": 0,
          "attributes": {
            "address_family": "IPv4",
            "arn": "arn:aws:ec2:eu-west-2:604575884205:prefix-list/pl-0b9d54a2a9b701283",
            "entry": [
              {
                "cidr": "0.0.1.10/32",
                "description": "saravana"
              },
              {
                "cidr": "117.205.237.171/32",
                "description": "don"
              },
              {
                "cidr": "117.205.237.171/32",
                "description": "vignesh"
              }
            ],
            "id": "pl-0b9d54a2a9b701283",
            "max_entries": 50,
            "name": "All service Public ip's",
            "owner_id": "604575884205",
            "tags": {},
            "tags_all": {},
            "version": 10
          },
          "sensitive_attributes": [],
          "private": "bnVsbA=="
        }
      ]
    }
  ]
}
