{
  "version": 4,
  "terraform_version": "0.15.3",
  "serial": 3,
  "lineage": "09f4015a-fe20-7d91-c2a5-e181370daa0b",
  "outputs": {},
  "resources": [
    {
      "mode": "managed",
      "type": "aws_ec2_managed_prefix_list",
      "name": "dev-users-publicip",
      "provider": "provider[\"registry.terraform.io/hashicorp/aws\"]",
      "instances": [
        {
          "schema_version": 0,
          "attributes": {
            "address_family": "IPv4",
            "arn": "arn:aws:ec2:eu-west-2:604575884205:prefix-list/pl-0b9d54a2a9b701283",
            "entry": [
              {
                "cidr": "59.93.229.105/32",
                "description": "Dimple"
              },
              {
                "cidr": "59.93.229.106/32",
                "description": "Saravana"
              },
              {
                "cidr": "59.93.229.107/32",
                "description": "Linston Joe"
              },
              {
                "cidr": "59.93.229.108/32",
                "description": "Vijay"
              },
              {
                "cidr": "59.93.229.109/32",
                "description": "Gopi"
              },
              {
                "cidr": "59.93.229.110/32",
                "description": "Soma"
              },
              {
                "cidr": "59.93.229.111/32",
                "description": "Mani"
              },
              {
                "cidr": "59.93.229.112/32",
                "description": "Divya"
              },
              {
                "cidr": "59.93.229.113/32",
                "description": "Jacky"
              },
              {
                "cidr": "59.93.229.115/32",
                "description": "Arun"
              },
              {
                "cidr": "59.93.229.116/32",
                "description": "Muthu"
              },
              {
                "cidr": "59.93.229.156/32",
                "description": "Don of Den"
              },
              {
                "cidr": "59.93.230.141/32",
                "description": "Vignesh"
              }
            ],
            "id": "pl-0b9d54a2a9b701283",
            "max_entries": 50,
            "name": "All service Public ip's",
            "owner_id": "604575884205",
            "tags": {},
            "tags_all": {},
            "version": 2
          },
          "sensitive_attributes": [],
          "private": "bnVsbA=="
        }
      ]
    }
  ]
}
